
Microsoft Visual Studio Solution File, Format Version 12.00
# Visual Studio Version 16
VisualStudioVersion = 16.0.31515.178
MinimumVisualStudioVersion = 10.0.40219.1
Project("{888888A0-9F3D-457C-B088-3A5042F75D52}") = "payroll", "payroll.pyproj", "{973F79D3-6008-4304-AFF8-728E0D3D4E69}"
EndProject
Global
	GlobalSection(SolutionConfigurationPlatforms) = preSolution
		Debug|Any CPU = Debug|Any CPU
		Release|Any CPU = Release|Any CPU
	EndGlobalSection
	GlobalSection(ProjectConfigurationPlatforms) = postSolution
		{973F79D3-6008-4304-AFF8-728E0D3D4E69}.Debug|Any CPU.ActiveCfg = Debug|Any CPU
		{973F79D3-6008-4304-AFF8-728E0D3D4E69}.Release|Any CPU.ActiveCfg = Release|Any CPU
	EndGlobalSection
	GlobalSection(SolutionProperties) = preSolution
		HideSolutionNode = FALSE
	EndGlobalSection
	GlobalSection(ExtensibilityGlobals) = postSolution
		SolutionGuid = {CEC95407-7A1C-4D44-8988-0EFA7CE72D94}
	EndGlobalSection
EndGlobal
